// !$*UTF8*$!
{
	archiveVersion = 1;
	classes = {
	};
	objectVersion = 46;
	objects = {

/* Begin PBXBuildFile section */
		18A898D719C8293000B2EAD4 /* Foundation.framework in Frameworks */ = {isa = PBXBuildFile; fileRef = 18A898D619C8293000B2EAD4 /* Foundation.framework */; };
		18A898D919C8293000B2EAD4 /* CoreGraphics.framework in Frameworks */ = {isa = PBXBuildFile; fileRef = 18A898D819C8293000B2EAD4 /* CoreGraphics.framework */; };
		18A898DB19C8293000B2EAD4 /* UIKit.framework in Frameworks */ = {isa = PBXBuildFile; fileRef = 18A898DA19C8293000B2EAD4 /* UIKit.framework */; };
		18A898E119C8293000B2EAD4 /* InfoPlist.strings in Resources */ = {isa = PBXBuildFile; fileRef = 18A898DF19C8293000B2EAD4 /* InfoPlist.strings */; };
		18A898E319C8293000B2EAD4 /* main.m in Sources */ = {isa = PBXBuildFile; fileRef = 18A898E219C8293000B2EAD4 /* main.m */; };
		18A898E719C8293000B2EAD4 /* HMAppDelegate.m in Sources */ = {isa = PBXBuildFile; fileRef = 18A898E619C8293000B2EAD4 /* HMAppDelegate.m */; };
		18A898EA19C8293000B2EAD4 /* Main.storyboard in Resources */ = {isa = PBXBuildFile; fileRef = 18A898E819C8293000B2EAD4 /* Main.storyboard */; };
		18A898ED19C8293000B2EAD4 /* HMViewController.m in Sources */ = {isa = PBXBuildFile; fileRef = 18A898EC19C8293000B2EAD4 /* HMViewController.m */; };
		18A898EF19C8293000B2EAD4 /* Images.xcassets in Resources */ = {isa = PBXBuildFile; fileRef = 18A898EE19C8293000B2EAD4 /* Images.xcassets */; };
		18A898F619C8293000B2EAD4 /* XCTest.framework in Frameworks */ = {isa = PBXBuildFile; fileRef = 18A898F519C8293000B2EAD4 /* XCTest.framework */; };
		18A898F719C8293000B2EAD4 /* Foundation.framework in Frameworks */ = {isa = PBXBuildFile; fileRef = 18A898D619C8293000B2EAD4 /* Foundation.framework */; };
		18A898F819C8293000B2EAD4 /* UIKit.framework in Frameworks */ = {isa = PBXBuildFile; fileRef = 18A898DA19C8293000B2EAD4 /* UIKit.framework */; };
		18A8990019C8293000B2EAD4 /* InfoPlist.strings in Resources */ = {isa = PBXBuildFile; fileRef = 18A898FE19C8293000B2EAD4 /* InfoPlist.strings */; };
		18A8990219C8293000B2EAD4 /* _9_NSBlockOperation____Tests.m in Sources */ = {isa = PBXBuildFile; fileRef = 18A8990119C8293000B2EAD4 /* _9_NSBlockOperation____Tests.m */; };
/* End PBXBuildFile section */

/* Begin PBXContainerItemProxy section */
		18A898F919C8293000B2EAD4 /* PBXContainerItemProxy */ = {
			isa = PBXContainerItemProxy;
			containerPortal = 18A898CB19C8293000B2EAD4 /* Project object */;
			proxyType = 1;
			remoteGlobalIDString = 18A898D219C8293000B2EAD4;
			remoteInfo = "09-NSBlockOperation（了解）";
		};
/* End PBXContainerItemProxy section */

/* Begin PBXFileReference section */
		18A898D319C8293000B2EAD4 /* 09-NSBlockOperation（了解）.app */ = {isa = PBXFileReference; explicitFileType = wrapper.application; includeInIndex = 0; path = "09-NSBlockOperation（了解）.app"; sourceTree = BUILT_PRODUCTS_DIR; };
		18A898D619C8293000B2EAD4 /* Foundation.framework */ = {isa = PBXFileReference; lastKnownFileType = wrapper.framework; name = Foundation.framework; path = System/Library/Frameworks/Foundation.framework; sourceTree = SDKROOT; };
		18A898D819C8293000B2EAD4 /* CoreGraphics.framework */ = {isa = PBXFileReference; lastKnownFileType = wrapper.framework; name = CoreGraphics.framework; path = System/Library/Frameworks/CoreGraphics.framework; sourceTree = SDKROOT; };
		18A898DA19C8293000B2EAD4 /* UIKit.framework */ = {isa = PBXFileReference; lastKnownFileType = wrapper.framework; name = UIKit.framework; path = System/Library/Frameworks/UIKit.framework; sourceTree = SDKROOT; };
		18A898DE19C8293000B2EAD4 /* 09-NSBlockOperation（了解）-Info.plist */ = {isa = PBXFileReference; lastKnownFileType = text.plist.xml; path = "09-NSBlockOperation（了解）-Info.plist"; sourceTree = "<group>"; };
		18A898E019C8293000B2EAD4 /* en */ = {isa = PBXFileReference; lastKnownFileType = text.plist.strings; name = en; path = en.lproj/InfoPlist.strings; sourceTree = "<group>"; };
		18A898E219C8293000B2EAD4 /* main.m */ = {isa = PBXFileReference; lastKnownFileType = sourcecode.c.objc; path = main.m; sourceTree = "<group>"; };
		18A898E419C8293000B2EAD4 /* 09-NSBlockOperation（了解）-Prefix.pch */ = {isa = PBXFileReference; lastKnownFileType = sourcecode.c.h; path = "09-NSBlockOperation（了解）-Prefix.pch"; sourceTree = "<group>"; };
		18A898E519C8293000B2EAD4 /* HMAppDelegate.h */ = {isa = PBXFileReference; lastKnownFileType = sourcecode.c.h; path = HMAppDelegate.h; sourceTree = "<group>"; };
		18A898E619C8293000B2EAD4 /* HMAppDelegate.m */ = {isa = PBXFileReference; lastKnownFileType = sourcecode.c.objc; path = HMAppDelegate.m; sourceTree = "<group>"; };
		18A898E919C8293000B2EAD4 /* Base */ = {isa = PBXFileReference; lastKnownFileType = file.storyboard; name = Base; path = Base.lproj/Main.storyboard; sourceTree = "<group>"; };
		18A898EB19C8293000B2EAD4 /* HMViewController.h */ = {isa = PBXFileReference; lastKnownFileType = sourcecode.c.h; path = HMViewController.h; sourceTree = "<group>"; };
		18A898EC19C8293000B2EAD4 /* HMViewController.m */ = {isa = PBXFileReference; lastKnownFileType = sourcecode.c.objc; path = HMViewController.m; sourceTree = "<group>"; };
		18A898EE19C8293000B2EAD4 /* Images.xcassets */ = {isa = PBXFileReference; lastKnownFileType = folder.assetcatalog; path = Images.xcassets; sourceTree = "<group>"; };
		18A898F419C8293000B2EAD4 /* 09-NSBlockOperation（了解）Tests.xctest */ = {isa = PBXFileReference; explicitFileType = wrapper.cfbundle; includeInIndex = 0; path = "09-NSBlockOperation（了解）Tests.xctest"; sourceTree = BUILT_PRODUCTS_DIR; };
		18A898F519C8293000B2EAD4 /* XCTest.framework */ = {isa = PBXFileReference; lastKnownFileType = wrapper.framework; name = XCTest.framework; path = Library/Frameworks/XCTest.framework; sourceTree = DEVELOPER_DIR; };
		18A898FD19C8293000B2EAD4 /* 09-NSBlockOperation（了解）Tests-Info.plist */ = {isa = PBXFileReference; lastKnownFileType = text.plist.xml; path = "09-NSBlockOperation（了解）Tests-Info.plist"; sourceTree = "<group>"; };
		18A898FF19C8293000B2EAD4 /* en */ = {isa = PBXFileReference; lastKnownFileType = text.plist.strings; name = en; path = en.lproj/InfoPlist.strings; sourceTree = "<group>"; };
		18A8990119C8293000B2EAD4 /* _9_NSBlockOperation____Tests.m */ = {isa = PBXFileReference; lastKnownFileType = sourcecode.c.objc; path = "_9_NSBlockOperation____Tests.m"; sourceTree = "<group>"; };
/* End PBXFileReference section */

/* Begin PBXFrameworksBuildPhase section */
		18A898D019C8293000B2EAD4 /* Frameworks */ = {
			isa = PBXFrameworksBuildPhase;
			buildActionMask = 2147483647;
			files = (
				18A898D919C8293000B2EAD4 /* CoreGraphics.framework in Frameworks */,
				18A898DB19C8293000B2EAD4 /* UIKit.framework in Frameworks */,
				18A898D719C8293000B2EAD4 /* Foundation.framework in Frameworks */,
			);
			runOnlyForDeploymentPostprocessing = 0;
		};
		18A898F119C8293000B2EAD4 /* Frameworks */ = {
			isa = PBXFrameworksBuildPhase;
			buildActionMask = 2147483647;
			files = (
				18A898F619C8293000B2EAD4 /* XCTest.framework in Frameworks */,
				18A898F819C8293000B2EAD4 /* UIKit.framework in Frameworks */,
				18A898F719C8293000B2EAD4 /* Foundation.framework in Frameworks */,
			);
			runOnlyForDeploymentPostprocessing = 0;
		};
/* End PBXFrameworksBuildPhase section */

/* Begin PBXGroup section */
		18A898CA19C8293000B2EAD4 = {
			isa = PBXGroup;
			children = (
				18A898DC19C8293000B2EAD4 /* 09-NSBlockOperation（了解） */,
				18A898FB19C8293000B2EAD4 /* 09-NSBlockOperation（了解）Tests */,
				18A898D519C8293000B2EAD4 /* Frameworks */,
				18A898D419C8293000B2EAD4 /* Products */,
			);
			sourceTree = "<group>";
		};
		18A898D419C8293000B2EAD4 /* Products */ = {
			isa = PBXGroup;
			children = (
				18A898D319C8293000B2EAD4 /* 09-NSBlockOperation（了解）.app */,
				18A898F419C8293000B2EAD4 /* 09-NSBlockOperation（了解）Tests.xctest */,
			);
			name = Products;
			sourceTree = "<group>";
		};
		18A898D519C8293000B2EAD4 /* Frameworks */ = {
			isa = PBXGroup;
			children = (
				18A898D619C8293000B2EAD4 /* Foundation.framework */,
				18A898D819C8293000B2EAD4 /* CoreGraphics.framework */,
				18A898DA19C8293000B2EAD4 /* UIKit.framework */,
				18A898F519C8293000B2EAD4 /* XCTest.framework */,
			);
			name = Frameworks;
			sourceTree = "<group>";
		};
		18A898DC19C8293000B2EAD4 /* 09-NSBlockOperation（了解） */ = {
			isa = PBXGroup;
			children = (
				18A898E519C8293000B2EAD4 /* HMAppDelegate.h */,
				18A898E619C8293000B2EAD4 /* HMAppDelegate.m */,
				18A898E819C8293000B2EAD4 /* Main.storyboard */,
				18A898EB19C8293000B2EAD4 /* HMViewController.h */,
				18A898EC19C8293000B2EAD4 /* HMViewController.m */,
				18A898EE19C8293000B2EAD4 /* Images.xcassets */,
				18A898DD19C8293000B2EAD4 /* Supporting Files */,
			);
			path = "09-NSBlockOperation（了解）";
			sourceTree = "<group>";
		};
		18A898DD19C8293000B2EAD4 /* Supporting Files */ = {
			isa = PBXGroup;
			children = (
				18A898DE19C8293000B2EAD4 /* 09-NSBlockOperation（了解）-Info.plist */,
				18A898DF19C8293000B2EAD4 /* InfoPlist.strings */,
				18A898E219C8293000B2EAD4 /* main.m */,
				18A898E419C8293000B2EAD4 /* 09-NSBlockOperation（了解）-Prefix.pch */,
			);
			name = "Supporting Files";
			sourceTree = "<group>";
		};
		18A898FB19C8293000B2EAD4 /* 09-NSBlockOperation（了解）Tests */ = {
			isa = PBXGroup;
			children = (
				18A8990119C8293000B2EAD4 /* _9_NSBlockOperation____Tests.m */,
				18A898FC19C8293000B2EAD4 /* Supporting Files */,
			);
			path = "09-NSBlockOperation（了解）Tests";
			sourceTree = "<group>";
		};
		18A898FC19C8293000B2EAD4 /* Supporting Files */ = {
			isa = PBXGroup;
			children = (
				18A898FD19C8293000B2EAD4 /* 09-NSBlockOperation（了解）Tests-Info.plist */,
				18A898FE19C8293000B2EAD4 /* InfoPlist.strings */,
			);
			name = "Supporting Files";
			sourceTree = "<group>";
		};
/* End PBXGroup section */

/* Begin PBXNativeTarget section */
		18A898D219C8293000B2EAD4 /* 09-NSBlockOperation（了解） */ = {
			isa = PBXNativeTarget;
			buildConfigurationList = 18A8990519C8293000B2EAD4 /* Build configuration list for PBXNativeTarget "09-NSBlockOperation（了解）" */;
			buildPhases = (
				18A898CF19C8293000B2EAD4 /* Sources */,
				18A898D019C8293000B2EAD4 /* Frameworks */,
				18A898D119C8293000B2EAD4 /* Resources */,
			);
			buildRules = (
			);
			dependencies = (
			);
			name = "09-NSBlockOperation（了解）";
			productName = "09-NSBlockOperation（了解）";
			productReference = 18A898D319C8293000B2EAD4 /* 09-NSBlockOperation（了解）.app */;
			productType = "com.apple.product-type.application";
		};
		18A898F319C8293000B2EAD4 /* 09-NSBlockOperation（了解）Tests */ = {
			isa = PBXNativeTarget;
			buildConfigurationList = 18A8990819C8293000B2EAD4 /* Build configuration list for PBXNativeTarget "09-NSBlockOperation（了解）Tests" */;
			buildPhases = (
				18A898F019C8293000B2EAD4 /* Sources */,
				18A898F119C8293000B2EAD4 /* Frameworks */,
				18A898F219C8293000B2EAD4 /* Resources */,
			);
			buildRules = (
			);
			dependencies = (
				18A898FA19C8293000B2EAD4 /* PBXTargetDependency */,
			);
			name = "09-NSBlockOperation（了解）Tests";
			productName = "09-NSBlockOperation（了解）Tests";
			productReference = 18A898F419C8293000B2EAD4 /* 09-NSBlockOperation（了解）Tests.xctest */;
			productType = "com.apple.product-type.bundle.unit-test";
		};
/* End PBXNativeTarget section */

/* Begin PBXProject section */
		18A898CB19C8293000B2EAD4 /* Project object */ = {
			isa = PBXProject;
			attributes = {
				CLASSPREFIX = HM;
				LastUpgradeCheck = 0510;
				ORGANIZATIONNAME = heima;
				TargetAttributes = {
					18A898F319C8293000B2EAD4 = {
						TestTargetID = 18A898D219C8293000B2EAD4;
					};
				};
			};
			buildConfigurationList = 18A898CE19C8293000B2EAD4 /* Build configuration list for PBXProject "09-NSBlockOperation（了解）" */;
			compatibilityVersion = "Xcode 3.2";
			developmentRegion = English;
			hasScannedForEncodings = 0;
			knownRegions = (
				en,
				Base,
			);
			mainGroup = 18A898CA19C8293000B2EAD4;
			productRefGroup = 18A898D419C8293000B2EAD4 /* Products */;
			projectDirPath = "";
			projectRoot = "";
			targets = (
				18A898D219C8293000B2EAD4 /* 09-NSBlockOperation（了解） */,
				18A898F319C8293000B2EAD4 /* 09-NSBlockOperation（了解）Tests */,
			);
		};
/* End PBXProject section */

/* Begin PBXResourcesBuildPhase section */
		18A898D119C8293000B2EAD4 /* Resources */ = {
			isa = PBXResourcesBuildPhase;
			buildActionMask = 2147483647;
			files = (
				18A898EF19C8293000B2EAD4 /* Images.xcassets in Resources */,
				18A898E119C8293000B2EAD4 /* InfoPlist.strings in Resources */,
				18A898EA19C8293000B2EAD4 /* Main.storyboard in Resources */,
			);
			runOnlyForDeploymentPostprocessing = 0;
		};
		18A898F219C8293000B2EAD4 /* Resources */ = {
			isa = PBXResourcesBuildPhase;
			buildActionMask = 2147483647;
			files = (
				18A8990019C8293000B2EAD4 /* InfoPlist.strings in Resources */,
			);
			runOnlyForDeploymentPostprocessing = 0;
		};
/* End PBXResourcesBuildPhase section */

/* Begin PBXSourcesBuildPhase section */
		18A898CF19C8293000B2EAD4 /* Sources */ = {
			isa = PBXSourcesBuildPhase;
			buildActionMask = 2147483647;
			files = (
				18A898ED19C8293000B2EAD4 /* HMViewController.m in Sources */,
				18A898E319C8293000B2EAD4 /* main.m in Sources */,
				18A898E719C8293000B2EAD4 /* HMAppDelegate.m in Sources */,
			);
			runOnlyForDeploymentPostprocessing = 0;
		};
		18A898F019C8293000B2EAD4 /* Sources */ = {
			isa = PBXSourcesBuildPhase;
			buildActionMask = 2147483647;
			files = (
				18A8990219C8293000B2EAD4 /* _9_NSBlockOperation____Tests.m in Sources */,
			);
			runOnlyForDeploymentPostprocessing = 0;
		};
/* End PBXSourcesBuildPhase section */

/* Begin PBXTargetDependency section */
		18A898FA19C8293000B2EAD4 /* PBXTargetDependency */ = {
			isa = PBXTargetDependency;
			target = 18A898D219C8293000B2EAD4 /* 09-NSBlockOperation（了解） */;
			targetProxy = 18A898F919C8293000B2EAD4 /* PBXContainerItemProxy */;
		};
/* End PBXTargetDependency section */

/* Begin PBXVariantGroup section */
		18A898DF19C8293000B2EAD4 /* InfoPlist.strings */ = {
			isa = PBXVariantGroup;
			children = (
				18A898E019C8293000B2EAD4 /* en */,
			);
			name = InfoPlist.strings;
			sourceTree = "<group>";
		};
		18A898E819C8293000B2EAD4 /* Main.storyboard */ = {
			isa = PBXVariantGroup;
			children = (
				18A898E919C8293000B2EAD4 /* Base */,
			);
			name = Main.storyboard;
			sourceTree = "<group>";
		};
		18A898FE19C8293000B2EAD4 /* InfoPlist.strings */ = {
			isa = PBXVariantGroup;
			children = (
				18A898FF19C8293000B2EAD4 /* en */,
			);
			name = InfoPlist.strings;
			sourceTree = "<group>";
		};
/* End PBXVariantGroup section */

/* Begin XCBuildConfiguration section */
		18A8990319C8293000B2EAD4 /* Debug */ = {
			isa = XCBuildConfiguration;
			buildSettings = {
				ALWAYS_SEARCH_USER_PATHS = NO;
				CLANG_CXX_LANGUAGE_STANDARD = "gnu++0x";
				CLANG_CXX_LIBRARY = "libc++";
				CLANG_ENABLE_MODULES = YES;
				CLANG_ENABLE_OBJC_ARC = YES;
				CLANG_WARN_BOOL_CONVERSION = YES;
				CLANG_WARN_CONSTANT_CONVERSION = YES;
				CLANG_WARN_DIRECT_OBJC_ISA_USAGE = YES_ERROR;
				CLANG_WARN_EMPTY_BODY = YES;
				CLANG_WARN_ENUM_CONVERSION = YES;
				CLANG_WARN_INT_CONVERSION = YES;
				CLANG_WARN_OBJC_ROOT_CLASS = YES_ERROR;
				CLANG_WARN__DUPLICATE_METHOD_MATCH = YES;
				"CODE_SIGN_IDENTITY[sdk=iphoneos*]" = "iPhone Developer";
				COPY_PHASE_STRIP = NO;
				GCC_C_LANGUAGE_STANDARD = gnu99;
				GCC_DYNAMIC_NO_PIC = NO;
				GCC_OPTIMIZATION_LEVEL = 0;
				GCC_PREPROCESSOR_DEFINITIONS = (
					"DEBUG=1",
					"$(inherited)",
				);
				GCC_SYMBOLS_PRIVATE_EXTERN = NO;
				GCC_WARN_64_TO_32_BIT_CONVERSION = YES;
				GCC_WARN_ABOUT_RETURN_TYPE = YES_ERROR;
				GCC_WARN_UNDECLARED_SELECTOR = YES;
				GCC_WARN_UNINITIALIZED_AUTOS = YES_AGGRESSIVE;
				GCC_WARN_UNUSED_FUNCTION = YES;
				GCC_WARN_UNUSED_VARIABLE = YES;
				IPHONEOS_DEPLOYMENT_TARGET = 7.1;
				ONLY_ACTIVE_ARCH = YES;
				SDKROOT = iphoneos;
			};
			name = Debug;
		};
		18A8990419C8293000B2EAD4 /* Release */ = {
			isa = XCBuildConfiguration;
			buildSettings = {
				ALWAYS_SEARCH_USER_PATHS = NO;
				CLANG_CXX_LANGUAGE_STANDARD = "gnu++0x";
				CLANG_CXX_LIBRARY = "libc++";
				CLANG_ENABLE_MODULES = YES;
				CLANG_ENABLE_OBJC_ARC = YES;
				CLANG_WARN_BOOL_CONVERSION = YES;
				CLANG_WARN_CONSTANT_CONVERSION = YES;
				CLANG_WARN_DIRECT_OBJC_ISA_USAGE = YES_ERROR;
				CLANG_WARN_EMPTY_BODY = YES;
				CLANG_WARN_ENUM_CONVERSION = YES;
				CLANG_WARN_INT_CONVERSION = YES;
				CLANG_WARN_OBJC_ROOT_CLASS = YES_ERROR;
				CLANG_WARN__DUPLICATE_METHOD_MATCH = YES;
				"CODE_SIGN_IDENTITY[sdk=iphoneos*]" = "iPhone Developer";
				COPY_PHASE_STRIP = YES;
				ENABLE_NS_ASSERTIONS = NO;
				GCC_C_LANGUAGE_STANDARD = gnu99;
				GCC_WARN_64_TO_32_BIT_CONVERSION = YES;
				GCC_WARN_ABOUT_RETURN_TYPE = YES_ERROR;
				GCC_WARN_UNDECLARED_SELECTOR = YES;
				GCC_WARN_UNINITIALIZED_AUTOS = YES_AGGRESSIVE;
				GCC_WARN_UNUSED_FUNCTION = YES;
				GCC_WARN_UNUSED_VARIABLE = YES;
				IPHONEOS_DEPLOYMENT_TARGET = 7.1;
				SDKROOT = iphoneos;
				VALIDATE_PRODUCT = YES;
			};
			name = Release;
		};
		18A8990619C8293000B2EAD4 /* Debug */ = {
			isa = XCBuildConfiguration;
			buildSettings = {
				ASSETCATALOG_COMPILER_APPICON_NAME = AppIcon;
				ASSETCATALOG_COMPILER_LAUNCHIMAGE_NAME = LaunchImage;
				GCC_PRECOMPILE_PREFIX_HEADER = YES;
				GCC_PREFIX_HEADER = "09-NSBlockOperation（了解）/09-NSBlockOperation（了解）-Prefix.pch";
				INFOPLIST_FILE = "09-NSBlockOperation（了解）/09-NSBlockOperation（了解）-Info.plist";
				PRODUCT_NAME = "$(TARGET_NAME)";
				WRAPPER_EXTENSION = app;
			};
			name = Debug;
		};
		18A8990719C8293000B2EAD4 /* Release */ = {
			isa = XCBuildConfiguration;
			buildSettings = {
				ASSETCATALOG_COMPILER_APPICON_NAME = AppIcon;
				ASSETCATALOG_COMPILER_LAUNCHIMAGE_NAME = LaunchImage;
				GCC_PRECOMPILE_PREFIX_HEADER = YES;
				GCC_PREFIX_HEADER = "09-NSBlockOperation（了解）/09-NSBlockOperation（了解）-Prefix.pch";
				INFOPLIST_FILE = "09-NSBlockOperation（了解）/09-NSBlockOperation（了解）-Info.plist";
				PRODUCT_NAME = "$(TARGET_NAME)";
				WRAPPER_EXTENSION = app;
			};
			name = Release;
		};
		18A8990919C8293000B2EAD4 /* Debug */ = {
			isa = XCBuildConfiguration;
			buildSettings = {
				BUNDLE_LOADER = "$(BUILT_PRODUCTS_DIR)/09-NSBlockOperation（了解）.app/09-NSBlockOperation（了解）";
				FRAMEWORK_SEARCH_PATHS = (
					"$(SDKROOT)/Developer/Library/Frameworks",
					"$(inherited)",
					"$(DEVELOPER_FRAMEWORKS_DIR)",
				);
				GCC_PRECOMPILE_PREFIX_HEADER = YES;
				GCC_PREFIX_HEADER = "09-NSBlockOperation（了解）/09-NSBlockOperation（了解）-Prefix.pch";
				GCC_PREPROCESSOR_DEFINITIONS = (
					"DEBUG=1",
					"$(inherited)",
				);
				INFOPLIST_FILE = "09-NSBlockOperation（了解）Tests/09-NSBlockOperation（了解）Tests-Info.plist";
				PRODUCT_NAME = "$(TARGET_NAME)";
				TEST_HOST = "$(BUNDLE_LOADER)";
				WRAPPER_EXTENSION = xctest;
			};
			name = Debug;
		};
		18A8990A19C8293000B2EAD4 /* Release */ = {
			isa = XCBuildConfiguration;
			buildSettings = {
				BUNDLE_LOADER = "$(BUILT_PRODUCTS_DIR)/09-NSBlockOperation（了解）.app/09-NSBlockOperation（了解）";
				FRAMEWORK_SEARCH_PATHS = (
					"$(SDKROOT)/Developer/Library/Frameworks",
					"$(inherited)",
					"$(DEVELOPER_FRAMEWORKS_DIR)",
				);
				GCC_PRECOMPILE_PREFIX_HEADER = YES;
				GCC_PREFIX_HEADER = "09-NSBlockOperation（了解）/09-NSBlockOperation（了解）-Prefix.pch";
				INFOPLIST_FILE = "09-NSBlockOperation（了解）Tests/09-NSBlockOperation（了解）Tests-Info.plist";
				PRODUCT_NAME = "$(TARGET_NAME)";
				TEST_HOST = "$(BUNDLE_LOADER)";
				WRAPPER_EXTENSION = xctest;
			};
			name = Release;
		};
/* End XCBuildConfiguration section */

/* Begin XCConfigurationList section */
		18A898CE19C8293000B2EAD4 /* Build configuration list for PBXProject "09-NSBlockOperation（了解）" */ = {
			isa = XCConfigurationList;
			buildConfigurations = (
				18A8990319C8293000B2EAD4 /* Debug */,
				18A8990419C8293000B2EAD4 /* Release */,
			);
			defaultConfigurationIsVisible = 0;
			defaultConfigurationName = Release;
		};
		18A8990519C8293000B2EAD4 /* Build configuration list for PBXNativeTarget "09-NSBlockOperation（了解）" */ = {
			isa = XCConfigurationList;
			buildConfigurations = (
				18A8990619C8293000B2EAD4 /* Debug */,
				18A8990719C8293000B2EAD4 /* Release */,
			);
			defaultConfigurationIsVisible = 0;
		};
		18A8990819C8293000B2EAD4 /* Build configuration list for PBXNativeTarget "09-NSBlockOperation（了解）Tests" */ = {
			isa = XCConfigurationList;
			buildConfigurations = (
				18A8990919C8293000B2EAD4 /* Debug */,
				18A8990A19C8293000B2EAD4 /* Release */,
			);
			defaultConfigurationIsVisible = 0;
		};
/* End XCConfigurationList section */
	};
	rootObject = 18A898CB19C8293000B2EAD4 /* Project object */;
}
